{
  "requires": true,
  "lockfileVersion": 1,
  "dependencies": {
    "jquery": {
      "version": "3.2.1",
      "resolved": "https://registry.npmjs.org/jquery/-/jquery-3.2.1.tgz",
      "integrity": "sha1-XE2d5lKvbNCncBVKYxu6ErAVx4c="
    },
    "pnotify": {
      "version": "3.2.1",
      "resolved": "https://registry.npmjs.org/pnotify/-/pnotify-3.2.1.tgz",
      "integrity": "sha512-SC1Ey++5TAn3K1khjmGg0YBt0mdE5ygtQYodzczOLoQ9gImpuRzye0fWqbbodfj/C1UZvnU96Yt6pMJpNzYhpA==",
      "requires": {
        "jquery": "3.2.1"
      }
    }
  }
}
